
Microsoft Visual Studio Solution File, Format Version 12.00
# Visual Studio Version 17
VisualStudioVersion = 17.1.32319.34
MinimumVisualStudioVersion = 10.0.40219.1
Project("{2150E333-8FDC-42A3-9474-1A3956D46DE8}") = "docker", "docker", "{D2CAF71D-4115-47A9-B63F-011E1B9D068E}"
	ProjectSection(SolutionItems) = preProject
		docker\docker_infrastructure.yml = docker\docker_infrastructure.yml
	EndProjectSection
EndProject
Project("{2150E333-8FDC-42A3-9474-1A3956D46DE8}") = "src", "src", "{A309740A-BB9E-4597-A650-D5A8191DC334}"
EndProject
Project("{9A19103F-16F7-4668-BE54-9A1E7A4F7556}") = "CatalogFunctions", "src\CatalogFunctions\CatalogFunctions.csproj", "{EDE0D3B9-5D03-4BE2-8A91-EF891113E4DA}"
EndProject
Global
	GlobalSection(SolutionConfigurationPlatforms) = preSolution
		Debug|Any CPU = Debug|Any CPU
		Release|Any CPU = Release|Any CPU
	EndGlobalSection
	GlobalSection(ProjectConfigurationPlatforms) = postSolution
		{EDE0D3B9-5D03-4BE2-8A91-EF891113E4DA}.Debug|Any CPU.ActiveCfg = Debug|Any CPU
		{EDE0D3B9-5D03-4BE2-8A91-EF891113E4DA}.Debug|Any CPU.Build.0 = Debug|Any CPU
		{EDE0D3B9-5D03-4BE2-8A91-EF891113E4DA}.Release|Any CPU.ActiveCfg = Release|Any CPU
		{EDE0D3B9-5D03-4BE2-8A91-EF891113E4DA}.Release|Any CPU.Build.0 = Release|Any CPU
	EndGlobalSection
	GlobalSection(SolutionProperties) = preSolution
		HideSolutionNode = FALSE
	EndGlobalSection
	GlobalSection(NestedProjects) = preSolution
		{EDE0D3B9-5D03-4BE2-8A91-EF891113E4DA} = {A309740A-BB9E-4597-A650-D5A8191DC334}
	EndGlobalSection
	GlobalSection(ExtensibilityGlobals) = postSolution
		SolutionGuid = {AE61F196-88B2-4FC3-AEC2-28F5CACE3EB9}
	EndGlobalSection
EndGlobal
